// !$*UTF8*$!
{
	archiveVersion = 1;
	classes = {
	};
	objectVersion = 50;
	objects = {

/* Begin PBXBuildFile section */
		1BAAE27B231EF293007D854E /* MoviesRepository.swift in Sources */ = {isa = PBXBuildFile; fileRef = 1BAAE27A231EF293007D854E /* MoviesRepository.swift */; };
		1BAAE27F231EF317007D854E /* Movies.xcdatamodeld in Sources */ = {isa = PBXBuildFile; fileRef = 1BAAE27D231EF317007D854E /* Movies.xcdatamodeld */; };
		1BAAE286231EF3AC007D854E /* Movie+CoreDataProperties.swift in Sources */ = {isa = PBXBuildFile; fileRef = 1BAAE284231EF3AC007D854E /* Movie+CoreDataProperties.swift */; };
		1BAAE287231EF3AC007D854E /* Movie+CoreDataClass.swift in Sources */ = {isa = PBXBuildFile; fileRef = 1BAAE285231EF3AC007D854E /* Movie+CoreDataClass.swift */; };
		1BAAE289231EF446007D854E /* MovieManager.swift in Sources */ = {isa = PBXBuildFile; fileRef = 1BAAE288231EF446007D854E /* MovieManager.swift */; };
		1BD132DC231DB10500420549 /* AppDelegate.swift in Sources */ = {isa = PBXBuildFile; fileRef = 1BD132DB231DB10500420549 /* AppDelegate.swift */; };
		1BD132DE231DB10500420549 /* FirstViewController.swift in Sources */ = {isa = PBXBuildFile; fileRef = 1BD132DD231DB10500420549 /* FirstViewController.swift */; };
		1BD132E0231DB10500420549 /* SecondViewController.swift in Sources */ = {isa = PBXBuildFile; fileRef = 1BD132DF231DB10500420549 /* SecondViewController.swift */; };
		1BD132E3231DB10500420549 /* Main.storyboard in Resources */ = {isa = PBXBuildFile; fileRef = 1BD132E1231DB10500420549 /* Main.storyboard */; };
		1BD132E5231DB10600420549 /* Assets.xcassets in Resources */ = {isa = PBXBuildFile; fileRef = 1BD132E4231DB10600420549 /* Assets.xcassets */; };
		1BD132E8231DB10600420549 /* LaunchScreen.storyboard in Resources */ = {isa = PBXBuildFile; fileRef = 1BD132E6231DB10600420549 /* LaunchScreen.storyboard */; };
		1BD132F0231DB85400420549 /* MovieCollectionCell.swift in Sources */ = {isa = PBXBuildFile; fileRef = 1BD132EF231DB85400420549 /* MovieCollectionCell.swift */; };
		1BD132F2231DC61F00420549 /* MovieDetailViewController.swift in Sources */ = {isa = PBXBuildFile; fileRef = 1BD132F1231DC61F00420549 /* MovieDetailViewController.swift */; };
		BA2D8E4B53A8478AFA00B0C8 /* Pods_MovieUI.framework in Frameworks */ = {isa = PBXBuildFile; fileRef = 2DE632F7FE88C0A367333780 /* Pods_MovieUI.framework */; };
/* End PBXBuildFile section */

/* Begin PBXFileReference section */
		1BAAE27A231EF293007D854E /* MoviesRepository.swift */ = {isa = PBXFileReference; lastKnownFileType = sourcecode.swift; path = MoviesRepository.swift; sourceTree = "<group>"; };
		1BAAE27E231EF317007D854E /* Movies.xcdatamodel */ = {isa = PBXFileReference; lastKnownFileType = wrapper.xcdatamodel; path = Movies.xcdatamodel; sourceTree = "<group>"; };
		1BAAE284231EF3AC007D854E /* Movie+CoreDataProperties.swift */ = {isa = PBXFileReference; fileEncoding = 4; lastKnownFileType = sourcecode.swift; path = "Movie+CoreDataProperties.swift"; sourceTree = "<group>"; };
		1BAAE285231EF3AC007D854E /* Movie+CoreDataClass.swift */ = {isa = PBXFileReference; fileEncoding = 4; lastKnownFileType = sourcecode.swift; path = "Movie+CoreDataClass.swift"; sourceTree = "<group>"; };
		1BAAE288231EF446007D854E /* MovieManager.swift */ = {isa = PBXFileReference; lastKnownFileType = sourcecode.swift; path = MovieManager.swift; sourceTree = "<group>"; };
		1BD132D8231DB10500420549 /* MovieUI.app */ = {isa = PBXFileReference; explicitFileType = wrapper.application; includeInIndex = 0; path = MovieUI.app; sourceTree = BUILT_PRODUCTS_DIR; };
		1BD132DB231DB10500420549 /* AppDelegate.swift */ = {isa = PBXFileReference; lastKnownFileType = sourcecode.swift; path = AppDelegate.swift; sourceTree = "<group>"; };
		1BD132DD231DB10500420549 /* FirstViewController.swift */ = {isa = PBXFileReference; lastKnownFileType = sourcecode.swift; path = FirstViewController.swift; sourceTree = "<group>"; };
		1BD132DF231DB10500420549 /* SecondViewController.swift */ = {isa = PBXFileReference; lastKnownFileType = sourcecode.swift; path = SecondViewController.swift; sourceTree = "<group>"; };
		1BD132E2231DB10500420549 /* Base */ = {isa = PBXFileReference; lastKnownFileType = file.storyboard; name = Base; path = Base.lproj/Main.storyboard; sourceTree = "<group>"; };
		1BD132E4231DB10600420549 /* Assets.xcassets */ = {isa = PBXFileReference; lastKnownFileType = folder.assetcatalog; path = Assets.xcassets; sourceTree = "<group>"; };
		1BD132E7231DB10600420549 /* Base */ = {isa = PBXFileReference; lastKnownFileType = file.storyboard; name = Base; path = Base.lproj/LaunchScreen.storyboard; sourceTree = "<group>"; };
		1BD132E9231DB10600420549 /* Info.plist */ = {isa = PBXFileReference; lastKnownFileType = text.plist.xml; path = Info.plist; sourceTree = "<group>"; };
		1BD132EF231DB85400420549 /* MovieCollectionCell.swift */ = {isa = PBXFileReference; fileEncoding = 4; lastKnownFileType = sourcecode.swift; path = MovieCollectionCell.swift; sourceTree = "<group>"; };
		1BD132F1231DC61F00420549 /* MovieDetailViewController.swift */ = {isa = PBXFileReference; lastKnownFileType = sourcecode.swift; path = MovieDetailViewController.swift; sourceTree = "<group>"; };
		2DE632F7FE88C0A367333780 /* Pods_MovieUI.framework */ = {isa = PBXFileReference; explicitFileType = wrapper.framework; includeInIndex = 0; path = Pods_MovieUI.framework; sourceTree = BUILT_PRODUCTS_DIR; };
		901A5A6D87D44F3184F83657 /* Pods-MovieUI.release.xcconfig */ = {isa = PBXFileReference; includeInIndex = 1; lastKnownFileType = text.xcconfig; name = "Pods-MovieUI.release.xcconfig"; path = "Target Support Files/Pods-MovieUI/Pods-MovieUI.release.xcconfig"; sourceTree = "<group>"; };
		CA094E5CCEDD75E539747E2F /* Pods-MovieUI.debug.xcconfig */ = {isa = PBXFileReference; includeInIndex = 1; lastKnownFileType = text.xcconfig; name = "Pods-MovieUI.debug.xcconfig"; path = "Target Support Files/Pods-MovieUI/Pods-MovieUI.debug.xcconfig"; sourceTree = "<group>"; };
/* End PBXFileReference section */

/* Begin PBXFrameworksBuildPhase section */
		1BD132D5231DB10500420549 /* Frameworks */ = {
			isa = PBXFrameworksBuildPhase;
			buildActionMask = 2147483647;
			files = (
				BA2D8E4B53A8478AFA00B0C8 /* Pods_MovieUI.framework in Frameworks */,
			);
			runOnlyForDeploymentPostprocessing = 0;
		};
/* End PBXFrameworksBuildPhase section */

/* Begin PBXGroup section */
		1BAAE279231EF264007D854E /* Services */ = {
			isa = PBXGroup;
			children = (
				1BAAE27A231EF293007D854E /* MoviesRepository.swift */,
			);
			path = Services;
			sourceTree = "<group>";
		};
		1BAAE27C231EF303007D854E /* Database */ = {
			isa = PBXGroup;
			children = (
				1BAAE285231EF3AC007D854E /* Movie+CoreDataClass.swift */,
				1BAAE284231EF3AC007D854E /* Movie+CoreDataProperties.swift */,
				1BAAE27D231EF317007D854E /* Movies.xcdatamodeld */,
				1BAAE288231EF446007D854E /* MovieManager.swift */,
			);
			path = Database;
			sourceTree = "<group>";
		};
		1BD132CF231DB10500420549 = {
			isa = PBXGroup;
			children = (
				1BAAE27C231EF303007D854E /* Database */,
				1BAAE279231EF264007D854E /* Services */,
				1BD132DA231DB10500420549 /* MovieUI */,
				1BD132D9231DB10500420549 /* Products */,
				81220CB76A899B04621B6A58 /* Pods */,
				7C1FD38C6C0BE7F862773B67 /* Frameworks */,
			);
			sourceTree = "<group>";
		};
		1BD132D9231DB10500420549 /* Products */ = {
			isa = PBXGroup;
			children = (
				1BD132D8231DB10500420549 /* MovieUI.app */,
			);
			name = Products;
			sourceTree = "<group>";
		};
		1BD132DA231DB10500420549 /* MovieUI */ = {
			isa = PBXGroup;
			children = (
				1BD132DB231DB10500420549 /* AppDelegate.swift */,
				1BD132DD231DB10500420549 /* FirstViewController.swift */,
				1BD132DF231DB10500420549 /* SecondViewController.swift */,
				1BD132EF231DB85400420549 /* MovieCollectionCell.swift */,
				1BD132E1231DB10500420549 /* Main.storyboard */,
				1BD132E4231DB10600420549 /* Assets.xcassets */,
				1BD132E6231DB10600420549 /* LaunchScreen.storyboard */,
				1BD132E9231DB10600420549 /* Info.plist */,
				1BD132F1231DC61F00420549 /* MovieDetailViewController.swift */,
			);
			path = MovieUI;
			sourceTree = "<group>";
		};
		7C1FD38C6C0BE7F862773B67 /* Frameworks */ = {
			isa = PBXGroup;
			children = (
				2DE632F7FE88C0A367333780 /* Pods_MovieUI.framework */,
			);
			name = Frameworks;
			sourceTree = "<group>";
		};
		81220CB76A899B04621B6A58 /* Pods */ = {
			isa = PBXGroup;
			children = (
				CA094E5CCEDD75E539747E2F /* Pods-MovieUI.debug.xcconfig */,
				901A5A6D87D44F3184F83657 /* Pods-MovieUI.release.xcconfig */,
			);
			path = Pods;
			sourceTree = "<group>";
		};
/* End PBXGroup section */

/* Begin PBXNativeTarget section */
		1BD132D7231DB10500420549 /* MovieUI */ = {
			isa = PBXNativeTarget;
			buildConfigurationList = 1BD132EC231DB10600420549 /* Build configuration list for PBXNativeTarget "MovieUI" */;
			buildPhases = (
				34D74211C011CE9B4455DB39 /* [CP] Check Pods Manifest.lock */,
				1BD132D4231DB10500420549 /* Sources */,
				1BD132D5231DB10500420549 /* Frameworks */,
				1BD132D6231DB10500420549 /* Resources */,
				CF5937D6F87429B13F6882E8 /* [CP] Embed Pods Frameworks */,
			);
			buildRules = (
			);
			dependencies = (
			);
			name = MovieUI;
			productName = MovieUI;
			productReference = 1BD132D8231DB10500420549 /* MovieUI.app */;
			productType = "com.apple.product-type.application";
		};
/* End PBXNativeTarget section */

/* Begin PBXProject section */
		1BD132D0231DB10500420549 /* Project object */ = {
			isa = PBXProject;
			attributes = {
				LastSwiftUpdateCheck = 1020;
				LastUpgradeCheck = 1020;
				ORGANIZATIONNAME = DavidIriarte;
				TargetAttributes = {
					1BD132D7231DB10500420549 = {
						CreatedOnToolsVersion = 10.2.1;
					};
				};
			};
			buildConfigurationList = 1BD132D3231DB10500420549 /* Build configuration list for PBXProject "MovieUI" */;
			compatibilityVersion = "Xcode 9.3";
			developmentRegion = en;
			hasScannedForEncodings = 0;
			knownRegions = (
				en,
				Base,
			);
			mainGroup = 1BD132CF231DB10500420549;
			productRefGroup = 1BD132D9231DB10500420549 /* Products */;
			projectDirPath = "";
			projectRoot = "";
			targets = (
				1BD132D7231DB10500420549 /* MovieUI */,
			);
		};
/* End PBXProject section */

/* Begin PBXResourcesBuildPhase section */
		1BD132D6231DB10500420549 /* Resources */ = {
			isa = PBXResourcesBuildPhase;
			buildActionMask = 2147483647;
			files = (
				1BD132E8231DB10600420549 /* LaunchScreen.storyboard in Resources */,
				1BD132E5231DB10600420549 /* Assets.xcassets in Resources */,
				1BD132E3231DB10500420549 /* Main.storyboard in Resources */,
			);
			runOnlyForDeploymentPostprocessing = 0;
		};
/* End PBXResourcesBuildPhase section */

/* Begin PBXShellScriptBuildPhase section */
		34D74211C011CE9B4455DB39 /* [CP] Check Pods Manifest.lock */ = {
			isa = PBXShellScriptBuildPhase;
			buildActionMask = 2147483647;
			files = (
			);
			inputFileListPaths = (
			);
			inputPaths = (
				"${PODS_PODFILE_DIR_PATH}/Podfile.lock",
				"${PODS_ROOT}/Manifest.lock",
			);
			name = "[CP] Check Pods Manifest.lock";
			outputFileListPaths = (
			);
			outputPaths = (
				"$(DERIVED_FILE_DIR)/Pods-MovieUI-checkManifestLockResult.txt",
			);
			runOnlyForDeploymentPostprocessing = 0;
			shellPath = /bin/sh;
			shellScript = "diff \"${PODS_PODFILE_DIR_PATH}/Podfile.lock\" \"${PODS_ROOT}/Manifest.lock\" > /dev/null\nif [ $? != 0 ] ; then\n    # print error to STDERR\n    echo \"error: The sandbox is not in sync with the Podfile.lock. Run 'pod install' or update your CocoaPods installation.\" >&2\n    exit 1\nfi\n# This output is used by Xcode 'outputs' to avoid re-running this script phase.\necho \"SUCCESS\" > \"${SCRIPT_OUTPUT_FILE_0}\"\n";
			showEnvVarsInLog = 0;
		};
		CF5937D6F87429B13F6882E8 /* [CP] Embed Pods Frameworks */ = {
			isa = PBXShellScriptBuildPhase;
			buildActionMask = 2147483647;
			files = (
			);
			inputFileListPaths = (
			);
			inputPaths = (
				"${PODS_ROOT}/Target Support Files/Pods-MovieUI/Pods-MovieUI-frameworks.sh",
				"${BUILT_PRODUCTS_DIR}/Alamofire/Alamofire.framework",
				"${BUILT_PRODUCTS_DIR}/AlamofireImage/AlamofireImage.framework",
				"${BUILT_PRODUCTS_DIR}/SwiftyJSON/SwiftyJSON.framework",
			);
			name = "[CP] Embed Pods Frameworks";
			outputFileListPaths = (
			);
			outputPaths = (
				"${TARGET_BUILD_DIR}/${FRAMEWORKS_FOLDER_PATH}/Alamofire.framework",
				"${TARGET_BUILD_DIR}/${FRAMEWORKS_FOLDER_PATH}/AlamofireImage.framework",
				"${TARGET_BUILD_DIR}/${FRAMEWORKS_FOLDER_PATH}/SwiftyJSON.framework",
			);
			runOnlyForDeploymentPostprocessing = 0;
			shellPath = /bin/sh;
			shellScript = "\"${PODS_ROOT}/Target Support Files/Pods-MovieUI/Pods-MovieUI-frameworks.sh\"\n";
			showEnvVarsInLog = 0;
		};
/* End PBXShellScriptBuildPhase section */

/* Begin PBXSourcesBuildPhase section */
		1BD132D4231DB10500420549 /* Sources */ = {
			isa = PBXSourcesBuildPhase;
			buildActionMask = 2147483647;
			files = (
				1BD132F0231DB85400420549 /* MovieCollectionCell.swift in Sources */,
				1BD132F2231DC61F00420549 /* MovieDetailViewController.swift in Sources */,
				1BAAE289231EF446007D854E /* MovieManager.swift in Sources */,
				1BD132E0231DB10500420549 /* SecondViewController.swift in Sources */,
				1BD132DC231DB10500420549 /* AppDelegate.swift in Sources */,
				1BAAE287231EF3AC007D854E /* Movie+CoreDataClass.swift in Sources */,
				1BAAE286231EF3AC007D854E /* Movie+CoreDataProperties.swift in Sources */,
				1BAAE27B231EF293007D854E /* MoviesRepository.swift in Sources */,
				1BAAE27F231EF317007D854E /* Movies.xcdatamodeld in Sources */,
				1BD132DE231DB10500420549 /* FirstViewController.swift in Sources */,
			);
			runOnlyForDeploymentPostprocessing = 0;
		};
/* End PBXSourcesBuildPhase section */

/* Begin PBXVariantGroup section */
		1BD132E1231DB10500420549 /* Main.storyboard */ = {
			isa = PBXVariantGroup;
			children = (
				1BD132E2231DB10500420549 /* Base */,
			);
			name = Main.storyboard;
			sourceTree = "<group>";
		};
		1BD132E6231DB10600420549 /* LaunchScreen.storyboard */ = {
			isa = PBXVariantGroup;
			children = (
				1BD132E7231DB10600420549 /* Base */,
			);
			name = LaunchScreen.storyboard;
			sourceTree = "<group>";
		};
/* End PBXVariantGroup section */

/* Begin XCBuildConfiguration section */
		1BD132EA231DB10600420549 /* Debug */ = {
			isa = XCBuildConfiguration;
			buildSettings = {
				ALWAYS_SEARCH_USER_PATHS = NO;
				CLANG_ANALYZER_NONNULL = YES;
				CLANG_ANALYZER_NUMBER_OBJECT_CONVERSION = YES_AGGRESSIVE;
				CLANG_CXX_LANGUAGE_STANDARD = "gnu++14";
				CLANG_CXX_LIBRARY = "libc++";
				CLANG_ENABLE_MODULES = YES;
				CLANG_ENABLE_OBJC_ARC = YES;
				CLANG_ENABLE_OBJC_WEAK = YES;
				CLANG_WARN_BLOCK_CAPTURE_AUTORELEASING = YES;
				CLANG_WARN_BOOL_CONVERSION = YES;
				CLANG_WARN_COMMA = YES;
				CLANG_WARN_CONSTANT_CONVERSION = YES;
				CLANG_WARN_DEPRECATED_OBJC_IMPLEMENTATIONS = YES;
				CLANG_WARN_DIRECT_OBJC_ISA_USAGE = YES_ERROR;
				CLANG_WARN_DOCUMENTATION_COMMENTS = YES;
				CLANG_WARN_EMPTY_BODY = YES;
				CLANG_WARN_ENUM_CONVERSION = YES;
				CLANG_WARN_INFINITE_RECURSION = YES;
				CLANG_WARN_INT_CONVERSION = YES;
				CLANG_WARN_NON_LITERAL_NULL_CONVERSION = YES;
				CLANG_WARN_OBJC_IMPLICIT_RETAIN_SELF = YES;
				CLANG_WARN_OBJC_LITERAL_CONVERSION = YES;
				CLANG_WARN_OBJC_ROOT_CLASS = YES_ERROR;
				CLANG_WARN_RANGE_LOOP_ANALYSIS = YES;
				CLANG_WARN_STRICT_PROTOTYPES = YES;
				CLANG_WARN_SUSPICIOUS_MOVE = YES;
				CLANG_WARN_UNGUARDED_AVAILABILITY = YES_AGGRESSIVE;
				CLANG_WARN_UNREACHABLE_CODE = YES;
				CLANG_WARN__DUPLICATE_METHOD_MATCH = YES;
				CODE_SIGN_IDENTITY = "iPhone Developer";
				COPY_PHASE_STRIP = NO;
				DEBUG_INFORMATION_FORMAT = dwarf;
				ENABLE_STRICT_OBJC_MSGSEND = YES;
				ENABLE_TESTABILITY = YES;
				GCC_C_LANGUAGE_STANDARD = gnu11;
				GCC_DYNAMIC_NO_PIC = NO;
				GCC_NO_COMMON_BLOCKS = YES;
				GCC_OPTIMIZATION_LEVEL = 0;
				GCC_PREPROCESSOR_DEFINITIONS = (
					"DEBUG=1",
					"$(inherited)",
				);
				GCC_WARN_64_TO_32_BIT_CONVERSION = YES;
				GCC_WARN_ABOUT_RETURN_TYPE = YES_ERROR;
				GCC_WARN_UNDECLARED_SELECTOR = YES;
				GCC_WARN_UNINITIALIZED_AUTOS = YES_AGGRESSIVE;
				GCC_WARN_UNUSED_FUNCTION = YES;
				GCC_WARN_UNUSED_VARIABLE = YES;
				IPHONEOS_DEPLOYMENT_TARGET = 12.2;
				MTL_ENABLE_DEBUG_INFO = INCLUDE_SOURCE;
				MTL_FAST_MATH = YES;
				ONLY_ACTIVE_ARCH = YES;
				SDKROOT = iphoneos;
				SWIFT_ACTIVE_COMPILATION_CONDITIONS = DEBUG;
				SWIFT_OPTIMIZATION_LEVEL = "-Onone";
			};
			name = Debug;
		};
		1BD132EB231DB10600420549 /* Release */ = {
			isa = XCBuildConfiguration;
			buildSettings = {
				ALWAYS_SEARCH_USER_PATHS = NO;
				CLANG_ANALYZER_NONNULL = YES;
				CLANG_ANALYZER_NUMBER_OBJECT_CONVERSION = YES_AGGRESSIVE;
				CLANG_CXX_LANGUAGE_STANDARD = "gnu++14";
				CLANG_CXX_LIBRARY = "libc++";
				CLANG_ENABLE_MODULES = YES;
				CLANG_ENABLE_OBJC_ARC = YES;
				CLANG_ENABLE_OBJC_WEAK = YES;
				CLANG_WARN_BLOCK_CAPTURE_AUTORELEASING = YES;
				CLANG_WARN_BOOL_CONVERSION = YES;
				CLANG_WARN_COMMA = YES;
				CLANG_WARN_CONSTANT_CONVERSION = YES;
				CLANG_WARN_DEPRECATED_OBJC_IMPLEMENTATIONS = YES;
				CLANG_WARN_DIRECT_OBJC_ISA_USAGE = YES_ERROR;
				CLANG_WARN_DOCUMENTATION_COMMENTS = YES;
				CLANG_WARN_EMPTY_BODY = YES;
				CLANG_WARN_ENUM_CONVERSION = YES;
				CLANG_WARN_INFINITE_RECURSION = YES;
				CLANG_WARN_INT_CONVERSION = YES;
				CLANG_WARN_NON_LITERAL_NULL_CONVERSION = YES;
				CLANG_WARN_OBJC_IMPLICIT_RETAIN_SELF = YES;
				CLANG_WARN_OBJC_LITERAL_CONVERSION = YES;
				CLANG_WARN_OBJC_ROOT_CLASS = YES_ERROR;
				CLANG_WARN_RANGE_LOOP_ANALYSIS = YES;
				CLANG_WARN_STRICT_PROTOTYPES = YES;
				CLANG_WARN_SUSPICIOUS_MOVE = YES;
				CLANG_WARN_UNGUARDED_AVAILABILITY = YES_AGGRESSIVE;
				CLANG_WARN_UNREACHABLE_CODE = YES;
				CLANG_WARN__DUPLICATE_METHOD_MATCH = YES;
				CODE_SIGN_IDENTITY = "iPhone Developer";
				COPY_PHASE_STRIP = NO;
				DEBUG_INFORMATION_FORMAT = "dwarf-with-dsym";
				ENABLE_NS_ASSERTIONS = NO;
				ENABLE_STRICT_OBJC_MSGSEND = YES;
				GCC_C_LANGUAGE_STANDARD = gnu11;
				GCC_NO_COMMON_BLOCKS = YES;
				GCC_WARN_64_TO_32_BIT_CONVERSION = YES;
				GCC_WARN_ABOUT_RETURN_TYPE = YES_ERROR;
				GCC_WARN_UNDECLARED_SELECTOR = YES;
				GCC_WARN_UNINITIALIZED_AUTOS = YES_AGGRESSIVE;
				GCC_WARN_UNUSED_FUNCTION = YES;
				GCC_WARN_UNUSED_VARIABLE = YES;
				IPHONEOS_DEPLOYMENT_TARGET = 12.2;
				MTL_ENABLE_DEBUG_INFO = NO;
				MTL_FAST_MATH = YES;
				SDKROOT = iphoneos;
				SWIFT_COMPILATION_MODE = wholemodule;
				SWIFT_OPTIMIZATION_LEVEL = "-O";
				VALIDATE_PRODUCT = YES;
			};
			name = Release;
		};
		1BD132ED231DB10600420549 /* Debug */ = {
			isa = XCBuildConfiguration;
			baseConfigurationReference = CA094E5CCEDD75E539747E2F /* Pods-MovieUI.debug.xcconfig */;
			buildSettings = {
				ASSETCATALOG_COMPILER_APPICON_NAME = AppIcon;
				CODE_SIGN_STYLE = Automatic;
				DEVELOPMENT_TEAM = 4SP9VZKZ5B;
				INFOPLIST_FILE = MovieUI/Info.plist;
				LD_RUNPATH_SEARCH_PATHS = (
					"$(inherited)",
					"@executable_path/Frameworks",
				);
				PRODUCT_BUNDLE_IDENTIFIER = net.davidIriarte.MovieUI;
				PRODUCT_NAME = "$(TARGET_NAME)";
				SWIFT_VERSION = 5.0;
				TARGETED_DEVICE_FAMILY = "1,2";
			};
			name = Debug;
		};
		1BD132EE231DB10600420549 /* Release */ = {
			isa = XCBuildConfiguration;
			baseConfigurationReference = 901A5A6D87D44F3184F83657 /* Pods-MovieUI.release.xcconfig */;
			buildSettings = {
				ASSETCATALOG_COMPILER_APPICON_NAME = AppIcon;
				CODE_SIGN_STYLE = Automatic;
				DEVELOPMENT_TEAM = 4SP9VZKZ5B;
				INFOPLIST_FILE = MovieUI/Info.plist;
				LD_RUNPATH_SEARCH_PATHS = (
					"$(inherited)",
					"@executable_path/Frameworks",
				);
				PRODUCT_BUNDLE_IDENTIFIER = net.davidIriarte.MovieUI;
				PRODUCT_NAME = "$(TARGET_NAME)";
				SWIFT_VERSION = 5.0;
				TARGETED_DEVICE_FAMILY = "1,2";
			};
			name = Release;
		};
/* End XCBuildConfiguration section */

/* Begin XCConfigurationList section */
		1BD132D3231DB10500420549 /* Build configuration list for PBXProject "MovieUI" */ = {
			isa = XCConfigurationList;
			buildConfigurations = (
				1BD132EA231DB10600420549 /* Debug */,
				1BD132EB231DB10600420549 /* Release */,
			);
			defaultConfigurationIsVisible = 0;
			defaultConfigurationName = Release;
		};
		1BD132EC231DB10600420549 /* Build configuration list for PBXNativeTarget "MovieUI" */ = {
			isa = XCConfigurationList;
			buildConfigurations = (
				1BD132ED231DB10600420549 /* Debug */,
				1BD132EE231DB10600420549 /* Release */,
			);
			defaultConfigurationIsVisible = 0;
			defaultConfigurationName = Release;
		};
/* End XCConfigurationList section */

/* Begin XCVersionGroup section */
		1BAAE27D231EF317007D854E /* Movies.xcdatamodeld */ = {
			isa = XCVersionGroup;
			children = (
				1BAAE27E231EF317007D854E /* Movies.xcdatamodel */,
			);
			currentVersion = 1BAAE27E231EF317007D854E /* Movies.xcdatamodel */;
			path = Movies.xcdatamodeld;
			sourceTree = "<group>";
			versionGroupType = wrapper.xcdatamodel;
		};
/* End XCVersionGroup section */
	};
	rootObject = 1BD132D0231DB10500420549 /* Project object */;
}
